
Microsoft Visual Studio Solution File, Format Version 12.00
# Visual Studio Version 17
VisualStudioVersion = 17.7.34031.279
MinimumVisualStudioVersion = 10.0.40219.1
Project("{8BC9CEB8-8B4A-11D0-8D11-00A0C91BC942}") = "T319", "T319\T319.vcxproj", "{2B142A27-246D-4728-8FEA-7303284C5BD7}"
EndProject
Project("{8BC9CEB8-8B4A-11D0-8D11-00A0C91BC942}") = "SortingComparison", "SortingComparison\SortingComparison.vcxproj", "{57093C34-F864-4B41-8360-2C2A8806C2D4}"
EndProject
Project("{8BC9CEB8-8B4A-11D0-8D11-00A0C91BC942}") = "Pointers", "Pointers\Pointers.vcxproj", "{A4B35389-F90C-4251-9D44-FFE9007AA387}"
EndProject
Project("{8BC9CEB8-8B4A-11D0-8D11-00A0C91BC942}") = "Strings", "Strings\Strings.vcxproj", "{C327B06A-F4CF-4B6B-99F3-E7CF19819593}"
EndProject
Global
	GlobalSection(SolutionConfigurationPlatforms) = preSolution
		Debug|x64 = Debug|x64
		Debug|x86 = Debug|x86
		Release|x64 = Release|x64
		Release|x86 = Release|x86
	EndGlobalSection
	GlobalSection(ProjectConfigurationPlatforms) = postSolution
		{2B142A27-246D-4728-8FEA-7303284C5BD7}.Debug|x64.ActiveCfg = Debug|x64
		{2B142A27-246D-4728-8FEA-7303284C5BD7}.Debug|x64.Build.0 = Debug|x64
		{2B142A27-246D-4728-8FEA-7303284C5BD7}.Debug|x86.ActiveCfg = Debug|Win32
		{2B142A27-246D-4728-8FEA-7303284C5BD7}.Debug|x86.Build.0 = Debug|Win32
		{2B142A27-246D-4728-8FEA-7303284C5BD7}.Release|x64.ActiveCfg = Release|x64
		{2B142A27-246D-4728-8FEA-7303284C5BD7}.Release|x64.Build.0 = Release|x64
		{2B142A27-246D-4728-8FEA-7303284C5BD7}.Release|x86.ActiveCfg = Release|Win32
		{2B142A27-246D-4728-8FEA-7303284C5BD7}.Release|x86.Build.0 = Release|Win32
		{57093C34-F864-4B41-8360-2C2A8806C2D4}.Debug|x64.ActiveCfg = Debug|x64
		{57093C34-F864-4B41-8360-2C2A8806C2D4}.Debug|x64.Build.0 = Debug|x64
		{57093C34-F864-4B41-8360-2C2A8806C2D4}.Debug|x86.ActiveCfg = Debug|Win32
		{57093C34-F864-4B41-8360-2C2A8806C2D4}.Debug|x86.Build.0 = Debug|Win32
		{57093C34-F864-4B41-8360-2C2A8806C2D4}.Release|x64.ActiveCfg = Release|x64
		{57093C34-F864-4B41-8360-2C2A8806C2D4}.Release|x64.Build.0 = Release|x64
		{57093C34-F864-4B41-8360-2C2A8806C2D4}.Release|x86.ActiveCfg = Release|Win32
		{57093C34-F864-4B41-8360-2C2A8806C2D4}.Release|x86.Build.0 = Release|Win32
		{A4B35389-F90C-4251-9D44-FFE9007AA387}.Debug|x64.ActiveCfg = Debug|x64
		{A4B35389-F90C-4251-9D44-FFE9007AA387}.Debug|x64.Build.0 = Debug|x64
		{A4B35389-F90C-4251-9D44-FFE9007AA387}.Debug|x86.ActiveCfg = Debug|Win32
		{A4B35389-F90C-4251-9D44-FFE9007AA387}.Debug|x86.Build.0 = Debug|Win32
		{A4B35389-F90C-4251-9D44-FFE9007AA387}.Release|x64.ActiveCfg = Release|x64
		{A4B35389-F90C-4251-9D44-FFE9007AA387}.Release|x64.Build.0 = Release|x64
		{A4B35389-F90C-4251-9D44-FFE9007AA387}.Release|x86.ActiveCfg = Release|Win32
		{A4B35389-F90C-4251-9D44-FFE9007AA387}.Release|x86.Build.0 = Release|Win32
		{C327B06A-F4CF-4B6B-99F3-E7CF19819593}.Debug|x64.ActiveCfg = Debug|x64
		{C327B06A-F4CF-4B6B-99F3-E7CF19819593}.Debug|x64.Build.0 = Debug|x64
		{C327B06A-F4CF-4B6B-99F3-E7CF19819593}.Debug|x86.ActiveCfg = Debug|Win32
		{C327B06A-F4CF-4B6B-99F3-E7CF19819593}.Debug|x86.Build.0 = Debug|Win32
		{C327B06A-F4CF-4B6B-99F3-E7CF19819593}.Release|x64.ActiveCfg = Release|x64
		{C327B06A-F4CF-4B6B-99F3-E7CF19819593}.Release|x64.Build.0 = Release|x64
		{C327B06A-F4CF-4B6B-99F3-E7CF19819593}.Release|x86.ActiveCfg = Release|Win32
		{C327B06A-F4CF-4B6B-99F3-E7CF19819593}.Release|x86.Build.0 = Release|Win32
	EndGlobalSection
	GlobalSection(SolutionProperties) = preSolution
		HideSolutionNode = FALSE
	EndGlobalSection
	GlobalSection(ExtensibilityGlobals) = postSolution
		SolutionGuid = {20717C60-DDE0-49C7-A6AC-847700DFC6B2}
	EndGlobalSection
EndGlobal
