
Microsoft Visual Studio Solution File, Format Version 12.00
# Visual Studio Version 17
VisualStudioVersion = 17.7.34031.279
MinimumVisualStudioVersion = 10.0.40219.1
Project("{8BC9CEB8-8B4A-11D0-8D11-00A0C91BC942}") = "T319", "T319\T319.vcxproj", "{2B142A27-246D-4728-8FEA-7303284C5BD7}"
EndProject
Project("{8BC9CEB8-8B4A-11D0-8D11-00A0C91BC942}") = "SortingComparison", "SortingComparison\SortingComparison.vcxproj", "{57093C34-F864-4B41-8360-2C2A8806C2D4}"
EndProject
Project("{8BC9CEB8-8B4A-11D0-8D11-00A0C91BC942}") = "Pointers", "Pointers\Pointers.vcxproj", "{A4B35389-F90C-4251-9D44-FFE9007AA387}"
EndProject
Project("{8BC9CEB8-8B4A-11D0-8D11-00A0C91BC942}") = "Strings", "Strings\Strings.vcxproj", "{C327B06A-F4CF-4B6B-99F3-E7CF19819593}"
EndProject
Project("{8BC9CEB8-8B4A-11D0-8D11-00A0C91BC942}") = "Files", "Files\Files.vcxproj", "{6A0C50E5-26F6-4166-90C7-DAFDEFA1B251}"
EndProject
Project("{8BC9CEB8-8B4A-11D0-8D11-00A0C91BC942}") = "Struct", "Struct\Struct.vcxproj", "{585458A1-2D21-4382-8A57-93C00593B722}"
EndProject
Project("{8BC9CEB8-8B4A-11D0-8D11-00A0C91BC942}") = "BinaryFiles", "BinaryFiles\BinaryFiles.vcxproj", "{4B75C6C9-B08C-4732-AC74-8CBFAB0B3B3E}"
EndProject
Project("{8BC9CEB8-8B4A-11D0-8D11-00A0C91BC942}") = "SharedPtr", "SharedPtr\SharedPtr.vcxproj", "{FBB46FD7-AA76-491D-A2AC-DBDFB7057F73}"
EndProject
Project("{8BC9CEB8-8B4A-11D0-8D11-00A0C91BC942}") = "CLRBegin", "CLRBegin\CLRBegin.vcxproj", "{2E0843A7-F432-48DB-A7ED-016C327407B3}"
EndProject
Project("{8BC9CEB8-8B4A-11D0-8D11-00A0C91BC942}") = "Hash", "Hash\Hash.vcxproj", "{075B6058-9A62-43A4-8843-0DEB691A9B74}"
EndProject
Project("{8BC9CEB8-8B4A-11D0-8D11-00A0C91BC942}") = "CLR_Matrix", "CLR_Matrix\CLR_Matrix.vcxproj", "{43F967BA-A9A9-48EB-97FB-D1DADB81DEBC}"
EndProject
Project("{8BC9CEB8-8B4A-11D0-8D11-00A0C91BC942}") = "Classes", "Classes\Classes.vcxproj", "{62E01E0A-2545-4E66-8914-2A78ACEBCDF7}"
EndProject
Project("{8BC9CEB8-8B4A-11D0-8D11-00A0C91BC942}") = "CLRStack", "CLRStack\CLRStack.vcxproj", "{C896D09E-5A90-479F-A0CF-7D648BA2D8B5}"
EndProject
Project("{8BC9CEB8-8B4A-11D0-8D11-00A0C91BC942}") = "CLR_Menu", "CLR_Menu\CLR_Menu.vcxproj", "{B1E23F81-BC2D-4973-AD09-3C17EC9CC6DC}"
EndProject
Project("{8BC9CEB8-8B4A-11D0-8D11-00A0C91BC942}") = "CLRClass", "CLRClass\CLRClass.vcxproj", "{F3BF7B6B-AD77-470C-A2EF-2F308C0131B9}"
EndProject
Project("{8BC9CEB8-8B4A-11D0-8D11-00A0C91BC942}") = "CLRQueueProject", "CLRQueueProject\CLRQueueProject.vcxproj", "{DF90A66C-15A0-4A63-8DA9-C77C3F1AF85F}"
EndProject
Project("{8BC9CEB8-8B4A-11D0-8D11-00A0C91BC942}") = "PaintingProject", "PaintingProject\PaintingProject.vcxproj", "{FA31E30E-853C-409B-A4CB-EEF6554A1BC5}"
EndProject
Project("{8BC9CEB8-8B4A-11D0-8D11-00A0C91BC942}") = "AnimeVideoProject", "AnimeVideoProject\AnimeVideoProject.vcxproj", "{A7FAB92C-2C82-4DDE-A438-9D5F0E6DC4E6}"
EndProject
Global
	GlobalSection(SolutionConfigurationPlatforms) = preSolution
		Debug|x64 = Debug|x64
		Debug|x86 = Debug|x86
		Release|x64 = Release|x64
		Release|x86 = Release|x86
	EndGlobalSection
	GlobalSection(ProjectConfigurationPlatforms) = postSolution
		{2B142A27-246D-4728-8FEA-7303284C5BD7}.Debug|x64.ActiveCfg = Debug|x64
		{2B142A27-246D-4728-8FEA-7303284C5BD7}.Debug|x64.Build.0 = Debug|x64
		{2B142A27-246D-4728-8FEA-7303284C5BD7}.Debug|x86.ActiveCfg = Debug|Win32
		{2B142A27-246D-4728-8FEA-7303284C5BD7}.Debug|x86.Build.0 = Debug|Win32
		{2B142A27-246D-4728-8FEA-7303284C5BD7}.Release|x64.ActiveCfg = Release|x64
		{2B142A27-246D-4728-8FEA-7303284C5BD7}.Release|x64.Build.0 = Release|x64
		{2B142A27-246D-4728-8FEA-7303284C5BD7}.Release|x86.ActiveCfg = Release|Win32
		{2B142A27-246D-4728-8FEA-7303284C5BD7}.Release|x86.Build.0 = Release|Win32
		{57093C34-F864-4B41-8360-2C2A8806C2D4}.Debug|x64.ActiveCfg = Debug|x64
		{57093C34-F864-4B41-8360-2C2A8806C2D4}.Debug|x64.Build.0 = Debug|x64
		{57093C34-F864-4B41-8360-2C2A8806C2D4}.Debug|x86.ActiveCfg = Debug|Win32
		{57093C34-F864-4B41-8360-2C2A8806C2D4}.Debug|x86.Build.0 = Debug|Win32
		{57093C34-F864-4B41-8360-2C2A8806C2D4}.Release|x64.ActiveCfg = Release|x64
		{57093C34-F864-4B41-8360-2C2A8806C2D4}.Release|x64.Build.0 = Release|x64
		{57093C34-F864-4B41-8360-2C2A8806C2D4}.Release|x86.ActiveCfg = Release|Win32
		{57093C34-F864-4B41-8360-2C2A8806C2D4}.Release|x86.Build.0 = Release|Win32
		{A4B35389-F90C-4251-9D44-FFE9007AA387}.Debug|x64.ActiveCfg = Debug|x64
		{A4B35389-F90C-4251-9D44-FFE9007AA387}.Debug|x64.Build.0 = Debug|x64
		{A4B35389-F90C-4251-9D44-FFE9007AA387}.Debug|x86.ActiveCfg = Debug|Win32
		{A4B35389-F90C-4251-9D44-FFE9007AA387}.Debug|x86.Build.0 = Debug|Win32
		{A4B35389-F90C-4251-9D44-FFE9007AA387}.Release|x64.ActiveCfg = Release|x64
		{A4B35389-F90C-4251-9D44-FFE9007AA387}.Release|x64.Build.0 = Release|x64
		{A4B35389-F90C-4251-9D44-FFE9007AA387}.Release|x86.ActiveCfg = Release|Win32
		{A4B35389-F90C-4251-9D44-FFE9007AA387}.Release|x86.Build.0 = Release|Win32
		{C327B06A-F4CF-4B6B-99F3-E7CF19819593}.Debug|x64.ActiveCfg = Debug|x64
		{C327B06A-F4CF-4B6B-99F3-E7CF19819593}.Debug|x64.Build.0 = Debug|x64
		{C327B06A-F4CF-4B6B-99F3-E7CF19819593}.Debug|x86.ActiveCfg = Debug|Win32
		{C327B06A-F4CF-4B6B-99F3-E7CF19819593}.Debug|x86.Build.0 = Debug|Win32
		{C327B06A-F4CF-4B6B-99F3-E7CF19819593}.Release|x64.ActiveCfg = Release|x64
		{C327B06A-F4CF-4B6B-99F3-E7CF19819593}.Release|x64.Build.0 = Release|x64
		{C327B06A-F4CF-4B6B-99F3-E7CF19819593}.Release|x86.ActiveCfg = Release|Win32
		{C327B06A-F4CF-4B6B-99F3-E7CF19819593}.Release|x86.Build.0 = Release|Win32
		{6A0C50E5-26F6-4166-90C7-DAFDEFA1B251}.Debug|x64.ActiveCfg = Debug|x64
		{6A0C50E5-26F6-4166-90C7-DAFDEFA1B251}.Debug|x64.Build.0 = Debug|x64
		{6A0C50E5-26F6-4166-90C7-DAFDEFA1B251}.Debug|x86.ActiveCfg = Debug|Win32
		{6A0C50E5-26F6-4166-90C7-DAFDEFA1B251}.Debug|x86.Build.0 = Debug|Win32
		{6A0C50E5-26F6-4166-90C7-DAFDEFA1B251}.Release|x64.ActiveCfg = Release|x64
		{6A0C50E5-26F6-4166-90C7-DAFDEFA1B251}.Release|x64.Build.0 = Release|x64
		{6A0C50E5-26F6-4166-90C7-DAFDEFA1B251}.Release|x86.ActiveCfg = Release|Win32
		{6A0C50E5-26F6-4166-90C7-DAFDEFA1B251}.Release|x86.Build.0 = Release|Win32
		{585458A1-2D21-4382-8A57-93C00593B722}.Debug|x64.ActiveCfg = Debug|x64
		{585458A1-2D21-4382-8A57-93C00593B722}.Debug|x64.Build.0 = Debug|x64
		{585458A1-2D21-4382-8A57-93C00593B722}.Debug|x86.ActiveCfg = Debug|Win32
		{585458A1-2D21-4382-8A57-93C00593B722}.Debug|x86.Build.0 = Debug|Win32
		{585458A1-2D21-4382-8A57-93C00593B722}.Release|x64.ActiveCfg = Release|x64
		{585458A1-2D21-4382-8A57-93C00593B722}.Release|x64.Build.0 = Release|x64
		{585458A1-2D21-4382-8A57-93C00593B722}.Release|x86.ActiveCfg = Release|Win32
		{585458A1-2D21-4382-8A57-93C00593B722}.Release|x86.Build.0 = Release|Win32
		{4B75C6C9-B08C-4732-AC74-8CBFAB0B3B3E}.Debug|x64.ActiveCfg = Debug|x64
		{4B75C6C9-B08C-4732-AC74-8CBFAB0B3B3E}.Debug|x64.Build.0 = Debug|x64
		{4B75C6C9-B08C-4732-AC74-8CBFAB0B3B3E}.Debug|x86.ActiveCfg = Debug|Win32
		{4B75C6C9-B08C-4732-AC74-8CBFAB0B3B3E}.Debug|x86.Build.0 = Debug|Win32
		{4B75C6C9-B08C-4732-AC74-8CBFAB0B3B3E}.Release|x64.ActiveCfg = Release|x64
		{4B75C6C9-B08C-4732-AC74-8CBFAB0B3B3E}.Release|x64.Build.0 = Release|x64
		{4B75C6C9-B08C-4732-AC74-8CBFAB0B3B3E}.Release|x86.ActiveCfg = Release|Win32
		{4B75C6C9-B08C-4732-AC74-8CBFAB0B3B3E}.Release|x86.Build.0 = Release|Win32
		{FBB46FD7-AA76-491D-A2AC-DBDFB7057F73}.Debug|x64.ActiveCfg = Debug|x64
		{FBB46FD7-AA76-491D-A2AC-DBDFB7057F73}.Debug|x64.Build.0 = Debug|x64
		{FBB46FD7-AA76-491D-A2AC-DBDFB7057F73}.Debug|x86.ActiveCfg = Debug|Win32
		{FBB46FD7-AA76-491D-A2AC-DBDFB7057F73}.Debug|x86.Build.0 = Debug|Win32
		{FBB46FD7-AA76-491D-A2AC-DBDFB7057F73}.Release|x64.ActiveCfg = Release|x64
		{FBB46FD7-AA76-491D-A2AC-DBDFB7057F73}.Release|x64.Build.0 = Release|x64
		{FBB46FD7-AA76-491D-A2AC-DBDFB7057F73}.Release|x86.ActiveCfg = Release|Win32
		{FBB46FD7-AA76-491D-A2AC-DBDFB7057F73}.Release|x86.Build.0 = Release|Win32
		{2E0843A7-F432-48DB-A7ED-016C327407B3}.Debug|x64.ActiveCfg = Debug|x64
		{2E0843A7-F432-48DB-A7ED-016C327407B3}.Debug|x64.Build.0 = Debug|x64
		{2E0843A7-F432-48DB-A7ED-016C327407B3}.Debug|x86.ActiveCfg = Debug|Win32
		{2E0843A7-F432-48DB-A7ED-016C327407B3}.Debug|x86.Build.0 = Debug|Win32
		{2E0843A7-F432-48DB-A7ED-016C327407B3}.Release|x64.ActiveCfg = Release|x64
		{2E0843A7-F432-48DB-A7ED-016C327407B3}.Release|x64.Build.0 = Release|x64
		{2E0843A7-F432-48DB-A7ED-016C327407B3}.Release|x86.ActiveCfg = Release|Win32
		{2E0843A7-F432-48DB-A7ED-016C327407B3}.Release|x86.Build.0 = Release|Win32
		{075B6058-9A62-43A4-8843-0DEB691A9B74}.Debug|x64.ActiveCfg = Debug|x64
		{075B6058-9A62-43A4-8843-0DEB691A9B74}.Debug|x64.Build.0 = Debug|x64
		{075B6058-9A62-43A4-8843-0DEB691A9B74}.Debug|x86.ActiveCfg = Debug|Win32
		{075B6058-9A62-43A4-8843-0DEB691A9B74}.Debug|x86.Build.0 = Debug|Win32
		{075B6058-9A62-43A4-8843-0DEB691A9B74}.Release|x64.ActiveCfg = Release|x64
		{075B6058-9A62-43A4-8843-0DEB691A9B74}.Release|x64.Build.0 = Release|x64
		{075B6058-9A62-43A4-8843-0DEB691A9B74}.Release|x86.ActiveCfg = Release|Win32
		{075B6058-9A62-43A4-8843-0DEB691A9B74}.Release|x86.Build.0 = Release|Win32
		{43F967BA-A9A9-48EB-97FB-D1DADB81DEBC}.Debug|x64.ActiveCfg = Debug|x64
		{43F967BA-A9A9-48EB-97FB-D1DADB81DEBC}.Debug|x64.Build.0 = Debug|x64
		{43F967BA-A9A9-48EB-97FB-D1DADB81DEBC}.Debug|x86.ActiveCfg = Debug|Win32
		{43F967BA-A9A9-48EB-97FB-D1DADB81DEBC}.Debug|x86.Build.0 = Debug|Win32
		{43F967BA-A9A9-48EB-97FB-D1DADB81DEBC}.Release|x64.ActiveCfg = Release|x64
		{43F967BA-A9A9-48EB-97FB-D1DADB81DEBC}.Release|x64.Build.0 = Release|x64
		{43F967BA-A9A9-48EB-97FB-D1DADB81DEBC}.Release|x86.ActiveCfg = Release|Win32
		{43F967BA-A9A9-48EB-97FB-D1DADB81DEBC}.Release|x86.Build.0 = Release|Win32
		{62E01E0A-2545-4E66-8914-2A78ACEBCDF7}.Debug|x64.ActiveCfg = Debug|x64
		{62E01E0A-2545-4E66-8914-2A78ACEBCDF7}.Debug|x64.Build.0 = Debug|x64
		{62E01E0A-2545-4E66-8914-2A78ACEBCDF7}.Debug|x86.ActiveCfg = Debug|Win32
		{62E01E0A-2545-4E66-8914-2A78ACEBCDF7}.Debug|x86.Build.0 = Debug|Win32
		{62E01E0A-2545-4E66-8914-2A78ACEBCDF7}.Release|x64.ActiveCfg = Release|x64
		{62E01E0A-2545-4E66-8914-2A78ACEBCDF7}.Release|x64.Build.0 = Release|x64
		{62E01E0A-2545-4E66-8914-2A78ACEBCDF7}.Release|x86.ActiveCfg = Release|Win32
		{62E01E0A-2545-4E66-8914-2A78ACEBCDF7}.Release|x86.Build.0 = Release|Win32
		{C896D09E-5A90-479F-A0CF-7D648BA2D8B5}.Debug|x64.ActiveCfg = Debug|x64
		{C896D09E-5A90-479F-A0CF-7D648BA2D8B5}.Debug|x64.Build.0 = Debug|x64
		{C896D09E-5A90-479F-A0CF-7D648BA2D8B5}.Debug|x86.ActiveCfg = Debug|Win32
		{C896D09E-5A90-479F-A0CF-7D648BA2D8B5}.Debug|x86.Build.0 = Debug|Win32
		{C896D09E-5A90-479F-A0CF-7D648BA2D8B5}.Release|x64.ActiveCfg = Release|x64
		{C896D09E-5A90-479F-A0CF-7D648BA2D8B5}.Release|x64.Build.0 = Release|x64
		{C896D09E-5A90-479F-A0CF-7D648BA2D8B5}.Release|x86.ActiveCfg = Release|Win32
		{C896D09E-5A90-479F-A0CF-7D648BA2D8B5}.Release|x86.Build.0 = Release|Win32
		{B1E23F81-BC2D-4973-AD09-3C17EC9CC6DC}.Debug|x64.ActiveCfg = Debug|x64
		{B1E23F81-BC2D-4973-AD09-3C17EC9CC6DC}.Debug|x64.Build.0 = Debug|x64
		{B1E23F81-BC2D-4973-AD09-3C17EC9CC6DC}.Debug|x86.ActiveCfg = Debug|Win32
		{B1E23F81-BC2D-4973-AD09-3C17EC9CC6DC}.Debug|x86.Build.0 = Debug|Win32
		{B1E23F81-BC2D-4973-AD09-3C17EC9CC6DC}.Release|x64.ActiveCfg = Release|x64
		{B1E23F81-BC2D-4973-AD09-3C17EC9CC6DC}.Release|x64.Build.0 = Release|x64
		{B1E23F81-BC2D-4973-AD09-3C17EC9CC6DC}.Release|x86.ActiveCfg = Release|Win32
		{B1E23F81-BC2D-4973-AD09-3C17EC9CC6DC}.Release|x86.Build.0 = Release|Win32
		{F3BF7B6B-AD77-470C-A2EF-2F308C0131B9}.Debug|x64.ActiveCfg = Debug|x64
		{F3BF7B6B-AD77-470C-A2EF-2F308C0131B9}.Debug|x64.Build.0 = Debug|x64
		{F3BF7B6B-AD77-470C-A2EF-2F308C0131B9}.Debug|x86.ActiveCfg = Debug|Win32
		{F3BF7B6B-AD77-470C-A2EF-2F308C0131B9}.Debug|x86.Build.0 = Debug|Win32
		{F3BF7B6B-AD77-470C-A2EF-2F308C0131B9}.Release|x64.ActiveCfg = Release|x64
		{F3BF7B6B-AD77-470C-A2EF-2F308C0131B9}.Release|x64.Build.0 = Release|x64
		{F3BF7B6B-AD77-470C-A2EF-2F308C0131B9}.Release|x86.ActiveCfg = Release|Win32
		{F3BF7B6B-AD77-470C-A2EF-2F308C0131B9}.Release|x86.Build.0 = Release|Win32
		{DF90A66C-15A0-4A63-8DA9-C77C3F1AF85F}.Debug|x64.ActiveCfg = Debug|x64
		{DF90A66C-15A0-4A63-8DA9-C77C3F1AF85F}.Debug|x64.Build.0 = Debug|x64
		{DF90A66C-15A0-4A63-8DA9-C77C3F1AF85F}.Debug|x86.ActiveCfg = Debug|Win32
		{DF90A66C-15A0-4A63-8DA9-C77C3F1AF85F}.Debug|x86.Build.0 = Debug|Win32
		{DF90A66C-15A0-4A63-8DA9-C77C3F1AF85F}.Release|x64.ActiveCfg = Release|x64
		{DF90A66C-15A0-4A63-8DA9-C77C3F1AF85F}.Release|x64.Build.0 = Release|x64
		{DF90A66C-15A0-4A63-8DA9-C77C3F1AF85F}.Release|x86.ActiveCfg = Release|Win32
		{DF90A66C-15A0-4A63-8DA9-C77C3F1AF85F}.Release|x86.Build.0 = Release|Win32
		{FA31E30E-853C-409B-A4CB-EEF6554A1BC5}.Debug|x64.ActiveCfg = Debug|x64
		{FA31E30E-853C-409B-A4CB-EEF6554A1BC5}.Debug|x64.Build.0 = Debug|x64
		{FA31E30E-853C-409B-A4CB-EEF6554A1BC5}.Debug|x86.ActiveCfg = Debug|Win32
		{FA31E30E-853C-409B-A4CB-EEF6554A1BC5}.Debug|x86.Build.0 = Debug|Win32
		{FA31E30E-853C-409B-A4CB-EEF6554A1BC5}.Release|x64.ActiveCfg = Release|x64
		{FA31E30E-853C-409B-A4CB-EEF6554A1BC5}.Release|x64.Build.0 = Release|x64
		{FA31E30E-853C-409B-A4CB-EEF6554A1BC5}.Release|x86.ActiveCfg = Release|Win32
		{FA31E30E-853C-409B-A4CB-EEF6554A1BC5}.Release|x86.Build.0 = Release|Win32
		{A7FAB92C-2C82-4DDE-A438-9D5F0E6DC4E6}.Debug|x64.ActiveCfg = Debug|x64
		{A7FAB92C-2C82-4DDE-A438-9D5F0E6DC4E6}.Debug|x64.Build.0 = Debug|x64
		{A7FAB92C-2C82-4DDE-A438-9D5F0E6DC4E6}.Debug|x86.ActiveCfg = Debug|Win32
		{A7FAB92C-2C82-4DDE-A438-9D5F0E6DC4E6}.Debug|x86.Build.0 = Debug|Win32
		{A7FAB92C-2C82-4DDE-A438-9D5F0E6DC4E6}.Release|x64.ActiveCfg = Release|x64
		{A7FAB92C-2C82-4DDE-A438-9D5F0E6DC4E6}.Release|x64.Build.0 = Release|x64
		{A7FAB92C-2C82-4DDE-A438-9D5F0E6DC4E6}.Release|x86.ActiveCfg = Release|Win32
		{A7FAB92C-2C82-4DDE-A438-9D5F0E6DC4E6}.Release|x86.Build.0 = Release|Win32
	EndGlobalSection
	GlobalSection(SolutionProperties) = preSolution
		HideSolutionNode = FALSE
	EndGlobalSection
	GlobalSection(ExtensibilityGlobals) = postSolution
		SolutionGuid = {20717C60-DDE0-49C7-A6AC-847700DFC6B2}
	EndGlobalSection
EndGlobal
